# THIS IS AN AUTOGENERATED FILE. DO NOT EDIT THIS FILE DIRECTLY.
# yarn lockfile v1


cephes@^1.1.2:
  version "1.2.0"
  resolved "https://registry.yarnpkg.com/cephes/-/cephes-1.2.0.tgz#4d246b622bc488ab8c982a1f702f0c9f49705d96"
  integrity sha512-twuUuJRrIrsELHz6foJtZlqrz6FC36zoHZJvvThsrM1UWPKxyoilw1Rka6Hk0AmPFKHKUoGwGfAtvNZNtNZu0g==

distributions@^2.1.0:
  version "2.1.0"
  resolved "https://registry.yarnpkg.com/distributions/-/distributions-2.1.0.tgz#7005f01898937fbe6404abda20fa7f4aaaa058e0"
  integrity sha512-4eov7WXRip5Tu0K7Y51W1oVt+DcvkoE0EzsvbLzgedC/n4PUpYXHqk6vo/OH1HteBHp5Vm6cmfnInf9NAXM4qQ==
  dependencies:
    cephes "^1.1.2"

summary@^2.0.0:
  version "2.1.0"
  resolved "https://registry.yarnpkg.com/summary/-/summary-2.1.0.tgz#be8a49a0aa34eb6ceea56042cae88f8add4b0885"
  integrity sha512-nMIjMrd5Z2nuB2RZCKJfFMjgS3fygbeyGk9PxPPaJR1RIcyN9yn4A63Isovzm3ZtQuEkLBVgMdPup8UeLH7aQw==

ttest@^3.0.0:
  version "3.0.0"
  resolved "https://registry.yarnpkg.com/ttest/-/ttest-3.0.0.tgz#01f491762178b46c1a4841b01829e1e8ff906d0b"
  integrity sha512-bLo+LdYokiDZHVFIWJmC5afoh7wZ+o1h++0XXKh01+yprzz8CnaiGNcbcbqP0e3+iyDqclLI+rM0j/9AwmRljw==
  dependencies:
    distributions "^2.1.0"
    summary "^2.0.0"
